
Microsoft Visual Studio Solution File, Format Version 12.00
# Visual Studio Version 16
VisualStudioVersion = 16.0.33130.400
MinimumVisualStudioVersion = 10.0.40219.1
Project("{8BC9CEB8-8B4A-11D0-8D11-00A0C91BC942}") = "b", "b.vcxproj", "{573D0E31-A134-4459-82BE-D8920437DC1B}"
EndProject
Global
	GlobalSection(SolutionConfigurationPlatforms) = preSolution
		Debug|x64 = Debug|x64
		Release|x64 = Release|x64
	EndGlobalSection
	GlobalSection(ProjectConfigurationPlatforms) = postSolution
		{573D0E31-A134-4459-82BE-D8920437DC1B}.Debug|x64.ActiveCfg = Debug|x64
		{573D0E31-A134-4459-82BE-D8920437DC1B}.Debug|x64.Build.0 = Debug|x64
		{573D0E31-A134-4459-82BE-D8920437DC1B}.Release|x64.ActiveCfg = Release|x64
		{573D0E31-A134-4459-82BE-D8920437DC1B}.Release|x64.Build.0 = Release|x64
	EndGlobalSection
	GlobalSection(SolutionProperties) = preSolution
		HideSolutionNode = FALSE
	EndGlobalSection
	GlobalSection(ExtensibilityGlobals) = postSolution
		SolutionGuid = {72837079-4858-4470-9AF8-B36639959E11}
	EndGlobalSection
EndGlobal
